# This file is autogenerated, do not edit; changes may be undone by the next 'dep ensure'.


[[projects]]
  branch = "master"
  name = "github.com/google/gousb"
  packages = ["."]
  revision = "c6e780971f197b0c890e80224f4137868f139668"

[solve-meta]
  analyzer-name = "dep"
  analyzer-version = 1
  inputs-digest = "6f0a35506a01118ab79a268c9e06f90cf5eafa7ce73a39d78c61def1353f9b98"
  solver-name = "gps-cdcl"
  solver-version = 1
